
Microsoft Visual Studio Solution File, Format Version 12.00
# Visual Studio Version 16
VisualStudioVersion = 16.0.30907.101
MinimumVisualStudioVersion = 10.0.40219.1
Project("{FAE04EC0-301F-11D3-BF4B-00C04F79EFBC}") = "PustokHomework", "PustokHomework\PustokHomework.csproj", "{206693AF-CCA8-405C-9D9E-A2871A4E6E22}"
EndProject
Global
	GlobalSection(SolutionConfigurationPlatforms) = preSolution
		Debug|Any CPU = Debug|Any CPU
		Release|Any CPU = Release|Any CPU
	EndGlobalSection
	GlobalSection(ProjectConfigurationPlatforms) = postSolution
		{206693AF-CCA8-405C-9D9E-A2871A4E6E22}.Debug|Any CPU.ActiveCfg = Debug|Any CPU
		{206693AF-CCA8-405C-9D9E-A2871A4E6E22}.Debug|Any CPU.Build.0 = Debug|Any CPU
		{206693AF-CCA8-405C-9D9E-A2871A4E6E22}.Release|Any CPU.ActiveCfg = Release|Any CPU
		{206693AF-CCA8-405C-9D9E-A2871A4E6E22}.Release|Any CPU.Build.0 = Release|Any CPU
	EndGlobalSection
	GlobalSection(SolutionProperties) = preSolution
		HideSolutionNode = FALSE
	EndGlobalSection
	GlobalSection(ExtensibilityGlobals) = postSolution
		SolutionGuid = {F56789B4-8944-4559-8602-F2A7F44B5C08}
	EndGlobalSection
EndGlobal
